
Microsoft Visual Studio Solution File, Format Version 12.00
# Visual Studio 15
VisualStudioVersion = 15.0.28307.271
MinimumVisualStudioVersion = 10.0.40219.1
Project("{FAE04EC0-301F-11D3-BF4B-00C04F79EFBC}") = "Initiation", "Initiation\Initiation.csproj", "{24D64796-D86D-4BC7-8357-2D7C99A8CB1B}"
EndProject
Project("{FAE04EC0-301F-11D3-BF4B-00C04F79EFBC}") = "Annuaire", "Annuaire\Annuaire.csproj", "{77F0D8BD-09F9-4D89-9557-1F8FEF2732CB}"
EndProject
Project("{FAE04EC0-301F-11D3-BF4B-00C04F79EFBC}") = "AnnuaireWinForm", "AnnuaireWinForm\AnnuaireWinForm.csproj", "{B3920FA8-AE78-4D22-9017-16C194AFA65F}"
EndProject
Project("{FAE04EC0-301F-11D3-BF4B-00C04F79EFBC}") = "ADO.NET", "ADO.NET\ADO.NET.csproj", "{C2F1DCE3-26D6-41CA-BCC3-F1C62082D698}"
EndProject
Project("{FAE04EC0-301F-11D3-BF4B-00C04F79EFBC}") = "InitiationTests", "InitiationTests\InitiationTests.csproj", "{A1C3471A-56B2-4948-80D5-E8BFAC121151}"
EndProject
Project("{FAE04EC0-301F-11D3-BF4B-00C04F79EFBC}") = "Base", "Base\Base.csproj", "{9F0381D5-3688-4650-BD4C-057F211DACBC}"
EndProject
Project("{FAE04EC0-301F-11D3-BF4B-00C04F79EFBC}") = "InterfaceAnnuaire", "InterfaceAnnuaire\InterfaceAnnuaire.csproj", "{DB25D877-D25D-4F86-8263-8AA0E1421B02}"
EndProject
Global
	GlobalSection(SolutionConfigurationPlatforms) = preSolution
		Debug|Any CPU = Debug|Any CPU
		Release|Any CPU = Release|Any CPU
	EndGlobalSection
	GlobalSection(ProjectConfigurationPlatforms) = postSolution
		{24D64796-D86D-4BC7-8357-2D7C99A8CB1B}.Debug|Any CPU.ActiveCfg = Debug|Any CPU
		{24D64796-D86D-4BC7-8357-2D7C99A8CB1B}.Debug|Any CPU.Build.0 = Debug|Any CPU
		{24D64796-D86D-4BC7-8357-2D7C99A8CB1B}.Release|Any CPU.ActiveCfg = Release|Any CPU
		{24D64796-D86D-4BC7-8357-2D7C99A8CB1B}.Release|Any CPU.Build.0 = Release|Any CPU
		{77F0D8BD-09F9-4D89-9557-1F8FEF2732CB}.Debug|Any CPU.ActiveCfg = Debug|Any CPU
		{77F0D8BD-09F9-4D89-9557-1F8FEF2732CB}.Debug|Any CPU.Build.0 = Debug|Any CPU
		{77F0D8BD-09F9-4D89-9557-1F8FEF2732CB}.Release|Any CPU.ActiveCfg = Release|Any CPU
		{77F0D8BD-09F9-4D89-9557-1F8FEF2732CB}.Release|Any CPU.Build.0 = Release|Any CPU
		{B3920FA8-AE78-4D22-9017-16C194AFA65F}.Debug|Any CPU.ActiveCfg = Debug|Any CPU
		{B3920FA8-AE78-4D22-9017-16C194AFA65F}.Debug|Any CPU.Build.0 = Debug|Any CPU
		{B3920FA8-AE78-4D22-9017-16C194AFA65F}.Release|Any CPU.ActiveCfg = Release|Any CPU
		{B3920FA8-AE78-4D22-9017-16C194AFA65F}.Release|Any CPU.Build.0 = Release|Any CPU
		{C2F1DCE3-26D6-41CA-BCC3-F1C62082D698}.Debug|Any CPU.ActiveCfg = Debug|Any CPU
		{C2F1DCE3-26D6-41CA-BCC3-F1C62082D698}.Debug|Any CPU.Build.0 = Debug|Any CPU
		{C2F1DCE3-26D6-41CA-BCC3-F1C62082D698}.Release|Any CPU.ActiveCfg = Release|Any CPU
		{C2F1DCE3-26D6-41CA-BCC3-F1C62082D698}.Release|Any CPU.Build.0 = Release|Any CPU
		{A1C3471A-56B2-4948-80D5-E8BFAC121151}.Debug|Any CPU.ActiveCfg = Debug|Any CPU
		{A1C3471A-56B2-4948-80D5-E8BFAC121151}.Debug|Any CPU.Build.0 = Debug|Any CPU
		{A1C3471A-56B2-4948-80D5-E8BFAC121151}.Release|Any CPU.ActiveCfg = Release|Any CPU
		{A1C3471A-56B2-4948-80D5-E8BFAC121151}.Release|Any CPU.Build.0 = Release|Any CPU
		{9F0381D5-3688-4650-BD4C-057F211DACBC}.Debug|Any CPU.ActiveCfg = Debug|Any CPU
		{9F0381D5-3688-4650-BD4C-057F211DACBC}.Debug|Any CPU.Build.0 = Debug|Any CPU
		{9F0381D5-3688-4650-BD4C-057F211DACBC}.Release|Any CPU.ActiveCfg = Release|Any CPU
		{9F0381D5-3688-4650-BD4C-057F211DACBC}.Release|Any CPU.Build.0 = Release|Any CPU
		{DB25D877-D25D-4F86-8263-8AA0E1421B02}.Debug|Any CPU.ActiveCfg = Debug|Any CPU
		{DB25D877-D25D-4F86-8263-8AA0E1421B02}.Debug|Any CPU.Build.0 = Debug|Any CPU
		{DB25D877-D25D-4F86-8263-8AA0E1421B02}.Release|Any CPU.ActiveCfg = Release|Any CPU
		{DB25D877-D25D-4F86-8263-8AA0E1421B02}.Release|Any CPU.Build.0 = Release|Any CPU
	EndGlobalSection
	GlobalSection(SolutionProperties) = preSolution
		HideSolutionNode = FALSE
	EndGlobalSection
	GlobalSection(ExtensibilityGlobals) = postSolution
		SolutionGuid = {72C95908-837D-49E9-8FA8-13382A5CD069}
	EndGlobalSection
EndGlobal
